
Microsoft Visual Studio Solution File, Format Version 12.00
# Visual Studio Version 16
VisualStudioVersion = 16.0.30907.101
MinimumVisualStudioVersion = 10.0.40219.1
Project("{FAE04EC0-301F-11D3-BF4B-00C04F79EFBC}") = "Assembly-CSharp", "Assembly-CSharp.csproj", "{36A6494B-B429-7B1D-7098-C60E534E5F17}"
EndProject
Project("{FAE04EC0-301F-11D3-BF4B-00C04F79EFBC}") = "Assembly-CSharp-firstpass", "Assembly-CSharp-firstpass.csproj", "{16B0C4A7-C5EC-8827-BFFF-45AB884650AA}"
EndProject
Project("{FAE04EC0-301F-11D3-BF4B-00C04F79EFBC}") = "Assembly-CSharp-Editor-firstpass", "Assembly-CSharp-Editor-firstpass.csproj", "{79750D53-2825-EF42-980E-BBDB160B04A5}"
EndProject
Global
	GlobalSection(SolutionConfigurationPlatforms) = preSolution
		Debug|Any CPU = Debug|Any CPU
		Release|Any CPU = Release|Any CPU
	EndGlobalSection
	GlobalSection(ProjectConfigurationPlatforms) = postSolution
		{36A6494B-B429-7B1D-7098-C60E534E5F17}.Debug|Any CPU.ActiveCfg = Debug|Any CPU
		{36A6494B-B429-7B1D-7098-C60E534E5F17}.Debug|Any CPU.Build.0 = Debug|Any CPU
		{36A6494B-B429-7B1D-7098-C60E534E5F17}.Release|Any CPU.ActiveCfg = Release|Any CPU
		{36A6494B-B429-7B1D-7098-C60E534E5F17}.Release|Any CPU.Build.0 = Release|Any CPU
		{16B0C4A7-C5EC-8827-BFFF-45AB884650AA}.Debug|Any CPU.ActiveCfg = Debug|Any CPU
		{16B0C4A7-C5EC-8827-BFFF-45AB884650AA}.Debug|Any CPU.Build.0 = Debug|Any CPU
		{16B0C4A7-C5EC-8827-BFFF-45AB884650AA}.Release|Any CPU.ActiveCfg = Release|Any CPU
		{16B0C4A7-C5EC-8827-BFFF-45AB884650AA}.Release|Any CPU.Build.0 = Release|Any CPU
		{79750D53-2825-EF42-980E-BBDB160B04A5}.Debug|Any CPU.ActiveCfg = Debug|Any CPU
		{79750D53-2825-EF42-980E-BBDB160B04A5}.Debug|Any CPU.Build.0 = Debug|Any CPU
		{79750D53-2825-EF42-980E-BBDB160B04A5}.Release|Any CPU.ActiveCfg = Release|Any CPU
		{79750D53-2825-EF42-980E-BBDB160B04A5}.Release|Any CPU.Build.0 = Release|Any CPU
	EndGlobalSection
	GlobalSection(SolutionProperties) = preSolution
		HideSolutionNode = FALSE
	EndGlobalSection
	GlobalSection(ExtensibilityGlobals) = postSolution
		SolutionGuid = {86005D24-6569-4370-A114-523BE23CCDBF}
	EndGlobalSection
EndGlobal
